
Microsoft Visual Studio Solution File, Format Version 12.00
# Visual Studio Version 17
VisualStudioVersion = 17.2.32630.192
MinimumVisualStudioVersion = 10.0.40219.1
Project("{9A19103F-16F7-4668-BE54-9A1E7A4F7556}") = "R5T.O0003.Construction", "R5T.O0003.Construction\R5T.O0003.Construction.csproj", "{B31463F4-2A4C-4F53-8F65-941C7B754AB5}"
EndProject
Project("{9A19103F-16F7-4668-BE54-9A1E7A4F7556}") = "R5T.O0003", "R5T.O0003\R5T.O0003.csproj", "{382D7948-7EA7-49C5-B0FE-A287B2A36004}"
EndProject
Project("{2150E333-8FDC-42A3-9474-1A3956D46DE8}") = "_Dependencies", "_Dependencies", "{942944EB-ED89-41EE-863D-75D0D152C82B}"
EndProject
Project("{9A19103F-16F7-4668-BE54-9A1E7A4F7556}") = "R5T.F0000", "..\..\R5T.F0000\source\R5T.F0000\R5T.F0000.csproj", "{746B0EF2-A2D2-4035-9EB3-1512B30C6803}"
EndProject
Project("{9A19103F-16F7-4668-BE54-9A1E7A4F7556}") = "R5T.F0002", "..\..\R5T.F0002\source\R5T.F0002\R5T.F0002.csproj", "{3E05BD2C-E150-4A16-9830-A673BC3EFC9E}"
EndProject
Project("{9A19103F-16F7-4668-BE54-9A1E7A4F7556}") = "R5T.F0120", "..\..\R5T.F0120\source\R5T.F0120\R5T.F0120.csproj", "{0CB5815F-18BF-46C3-AA3B-7109675817CA}"
EndProject
Project("{9A19103F-16F7-4668-BE54-9A1E7A4F7556}") = "R5T.F0124", "..\..\R5T.F0124\source\R5T.F0124\R5T.F0124.csproj", "{2FA435F5-B415-4994-A0F9-0D73D3CD7783}"
EndProject
Project("{9A19103F-16F7-4668-BE54-9A1E7A4F7556}") = "R5T.F0125", "..\..\R5T.F0125\source\R5T.F0125\R5T.F0125.csproj", "{21198ABF-B362-40B2-917A-A7DE4736B9E4}"
EndProject
Project("{9A19103F-16F7-4668-BE54-9A1E7A4F7556}") = "R5T.L0030.T000", "..\..\R5T.L0030\source\R5T.L0030.T000\R5T.L0030.T000.csproj", "{36FD88FF-5B03-47BA-843B-3FE2943B69BB}"
EndProject
Project("{9A19103F-16F7-4668-BE54-9A1E7A4F7556}") = "R5T.L0030", "..\..\R5T.L0030\source\R5T.L0030\R5T.L0030.csproj", "{700FD855-8D0B-4BB8-AFE6-8F03AD12CB73}"
EndProject
Project("{9A19103F-16F7-4668-BE54-9A1E7A4F7556}") = "R5T.L0034", "..\..\R5T.L0034\source\R5T.L0034\R5T.L0034.csproj", "{71D74135-9B3B-47C4-8C81-9817302657BC}"
EndProject
Project("{9A19103F-16F7-4668-BE54-9A1E7A4F7556}") = "R5T.L0035", "..\..\R5T.L0035\source\R5T.L0035\R5T.L0035.csproj", "{8660D22C-4570-4553-8CA9-D59BB899AC9D}"
EndProject
Project("{9A19103F-16F7-4668-BE54-9A1E7A4F7556}") = "R5T.T0131", "..\..\R5T.T0131\source\R5T.T0131\R5T.T0131.csproj", "{57467903-91E0-4F06-BB98-397491D8F77B}"
EndProject
Project("{9A19103F-16F7-4668-BE54-9A1E7A4F7556}") = "R5T.T0132", "..\..\R5T.T0132\source\R5T.T0132\R5T.T0132.csproj", "{6FD9AD8C-8498-4B53-816C-11E51D781F23}"
EndProject
Project("{9A19103F-16F7-4668-BE54-9A1E7A4F7556}") = "R5T.T0142", "..\..\R5T.T0142\source\R5T.T0142\R5T.T0142.csproj", "{B5FFE4C7-4624-4654-944F-7E07778EC9E4}"
EndProject
Project("{9A19103F-16F7-4668-BE54-9A1E7A4F7556}") = "R5T.T0143", "..\..\R5T.T0143\source\R5T.T0143\R5T.T0143.csproj", "{D016ABE7-503A-40FE-BC7B-99D91F6CF061}"
EndProject
Project("{9A19103F-16F7-4668-BE54-9A1E7A4F7556}") = "R5T.T0156", "..\..\R5T.T0156\source\R5T.T0156\R5T.T0156.csproj", "{B209B7BF-7E8B-4874-983C-BD7AEAF9DCE1}"
EndProject
Project("{9A19103F-16F7-4668-BE54-9A1E7A4F7556}") = "R5T.T0174", "..\..\R5T.T0174\source\R5T.T0174\R5T.T0174.csproj", "{3F7A88DB-D5A9-47DF-84F6-0D15B7B049FA}"
EndProject
Project("{9A19103F-16F7-4668-BE54-9A1E7A4F7556}") = "R5T.T0176", "..\..\R5T.T0176\source\R5T.T0176\R5T.T0176.csproj", "{2B6D3B1E-CFB2-4816-83F6-468DBEE7C0D1}"
EndProject
Project("{9A19103F-16F7-4668-BE54-9A1E7A4F7556}") = "R5T.T0177", "..\..\R5T.T0177\source\R5T.T0177\R5T.T0177.csproj", "{02871188-1F67-412D-8840-20D746871287}"
EndProject
Project("{9A19103F-16F7-4668-BE54-9A1E7A4F7556}") = "R5T.T0178", "..\..\R5T.T0178\source\R5T.T0178\R5T.T0178.csproj", "{8AD54218-3F3C-4FE2-BDB9-1C61A60F8D59}"
EndProject
Project("{9A19103F-16F7-4668-BE54-9A1E7A4F7556}") = "R5T.T0179", "..\..\R5T.T0179\source\R5T.T0179\R5T.T0179.csproj", "{F0FCD6DF-C754-4A9C-829F-CA19D0A44CE6}"
EndProject
Project("{9A19103F-16F7-4668-BE54-9A1E7A4F7556}") = "R5T.T0180", "..\..\R5T.T0180\source\R5T.T0180\R5T.T0180.csproj", "{5D7A36C6-3564-4670-A0C4-F49D0CABD92D}"
EndProject
Project("{9A19103F-16F7-4668-BE54-9A1E7A4F7556}") = "R5T.T0181", "..\..\R5T.T0181\source\R5T.T0181\R5T.T0181.csproj", "{46A77207-2E30-4311-97F3-8D6E64D481D7}"
EndProject
Project("{9A19103F-16F7-4668-BE54-9A1E7A4F7556}") = "R5T.T0185", "..\..\R5T.T0185\source\R5T.T0185\R5T.T0185.csproj", "{5D121B67-B4EB-4BA2-AE27-6D2A7895E3B4}"
EndProject
Project("{9A19103F-16F7-4668-BE54-9A1E7A4F7556}") = "R5T.Y0000", "..\..\R5T.Y0000\source\R5T.Y0000\R5T.Y0000.csproj", "{7A4D875A-F49F-49D3-8288-F9A80EE23EF3}"
EndProject
Project("{9A19103F-16F7-4668-BE54-9A1E7A4F7556}") = "R5T.Z0000", "..\..\R5T.Z0000\source\R5T.Z0000\R5T.Z0000.csproj", "{C9BBD428-40F1-499F-A87C-8B83301D7723}"
EndProject
Project("{9A19103F-16F7-4668-BE54-9A1E7A4F7556}") = "R5T.T0193", "..\..\R5T.T0193\source\R5T.T0193\R5T.T0193.csproj", "{D1FE2987-58CC-4EC7-B235-97563591F807}"
EndProject
Project("{9A19103F-16F7-4668-BE54-9A1E7A4F7556}") = "R5T.T0161", "..\..\R5T.T0161\source\R5T.T0161\R5T.T0161.csproj", "{00F572B5-ADDE-4072-A93E-A45F7060AA08}"
EndProject
Project("{9A19103F-16F7-4668-BE54-9A1E7A4F7556}") = "R5T.F0131", "..\..\R5T.F0131\source\R5T.F0131\R5T.F0131.csproj", "{52F123FE-25AD-4274-815B-4CC52173091B}"
EndProject
Project("{9A19103F-16F7-4668-BE54-9A1E7A4F7556}") = "R5T.T0150", "..\..\R5T.T0150\source\R5T.T0150\R5T.T0150.csproj", "{DB2BDDFC-0AE1-4067-B0EB-F27ABD7DD03A}"
EndProject
Project("{9A19103F-16F7-4668-BE54-9A1E7A4F7556}") = "R5T.T0151", "..\..\R5T.T0151\source\R5T.T0151\R5T.T0151.csproj", "{5B4D450C-5BDF-452E-AF39-5DD40C20BF91}"
EndProject
Project("{9A19103F-16F7-4668-BE54-9A1E7A4F7556}") = "R5T.T0172", "..\..\R5T.T0172\source\R5T.T0172\R5T.T0172.csproj", "{77D58160-468D-43F2-BB4D-887DD78ED8B6}"
EndProject
Global
	GlobalSection(NestedProjects) = preSolution
		{746B0EF2-A2D2-4035-9EB3-1512B30C6803} = {942944EB-ED89-41EE-863D-75D0D152C82B}
		{3E05BD2C-E150-4A16-9830-A673BC3EFC9E} = {942944EB-ED89-41EE-863D-75D0D152C82B}
		{0CB5815F-18BF-46C3-AA3B-7109675817CA} = {942944EB-ED89-41EE-863D-75D0D152C82B}
		{2FA435F5-B415-4994-A0F9-0D73D3CD7783} = {942944EB-ED89-41EE-863D-75D0D152C82B}
		{21198ABF-B362-40B2-917A-A7DE4736B9E4} = {942944EB-ED89-41EE-863D-75D0D152C82B}
		{36FD88FF-5B03-47BA-843B-3FE2943B69BB} = {942944EB-ED89-41EE-863D-75D0D152C82B}
		{700FD855-8D0B-4BB8-AFE6-8F03AD12CB73} = {942944EB-ED89-41EE-863D-75D0D152C82B}
		{71D74135-9B3B-47C4-8C81-9817302657BC} = {942944EB-ED89-41EE-863D-75D0D152C82B}
		{8660D22C-4570-4553-8CA9-D59BB899AC9D} = {942944EB-ED89-41EE-863D-75D0D152C82B}
		{57467903-91E0-4F06-BB98-397491D8F77B} = {942944EB-ED89-41EE-863D-75D0D152C82B}
		{6FD9AD8C-8498-4B53-816C-11E51D781F23} = {942944EB-ED89-41EE-863D-75D0D152C82B}
		{B5FFE4C7-4624-4654-944F-7E07778EC9E4} = {942944EB-ED89-41EE-863D-75D0D152C82B}
		{D016ABE7-503A-40FE-BC7B-99D91F6CF061} = {942944EB-ED89-41EE-863D-75D0D152C82B}
		{B209B7BF-7E8B-4874-983C-BD7AEAF9DCE1} = {942944EB-ED89-41EE-863D-75D0D152C82B}
		{3F7A88DB-D5A9-47DF-84F6-0D15B7B049FA} = {942944EB-ED89-41EE-863D-75D0D152C82B}
		{2B6D3B1E-CFB2-4816-83F6-468DBEE7C0D1} = {942944EB-ED89-41EE-863D-75D0D152C82B}
		{02871188-1F67-412D-8840-20D746871287} = {942944EB-ED89-41EE-863D-75D0D152C82B}
		{8AD54218-3F3C-4FE2-BDB9-1C61A60F8D59} = {942944EB-ED89-41EE-863D-75D0D152C82B}
		{F0FCD6DF-C754-4A9C-829F-CA19D0A44CE6} = {942944EB-ED89-41EE-863D-75D0D152C82B}
		{5D7A36C6-3564-4670-A0C4-F49D0CABD92D} = {942944EB-ED89-41EE-863D-75D0D152C82B}
		{46A77207-2E30-4311-97F3-8D6E64D481D7} = {942944EB-ED89-41EE-863D-75D0D152C82B}
		{5D121B67-B4EB-4BA2-AE27-6D2A7895E3B4} = {942944EB-ED89-41EE-863D-75D0D152C82B}
		{7A4D875A-F49F-49D3-8288-F9A80EE23EF3} = {942944EB-ED89-41EE-863D-75D0D152C82B}
		{C9BBD428-40F1-499F-A87C-8B83301D7723} = {942944EB-ED89-41EE-863D-75D0D152C82B}
		{D1FE2987-58CC-4EC7-B235-97563591F807} = {942944EB-ED89-41EE-863D-75D0D152C82B}
		{00F572B5-ADDE-4072-A93E-A45F7060AA08} = {942944EB-ED89-41EE-863D-75D0D152C82B}
		{52F123FE-25AD-4274-815B-4CC52173091B} = {942944EB-ED89-41EE-863D-75D0D152C82B}
		{DB2BDDFC-0AE1-4067-B0EB-F27ABD7DD03A} = {942944EB-ED89-41EE-863D-75D0D152C82B}
		{5B4D450C-5BDF-452E-AF39-5DD40C20BF91} = {942944EB-ED89-41EE-863D-75D0D152C82B}
		{77D58160-468D-43F2-BB4D-887DD78ED8B6} = {942944EB-ED89-41EE-863D-75D0D152C82B}
	EndGlobalSection
	GlobalSection(SolutionConfigurationPlatforms) = preSolution
		Debug|Any CPU = Debug|Any CPU
		Release|Any CPU = Release|Any CPU
	EndGlobalSection
	GlobalSection(ProjectConfigurationPlatforms) = postSolution
		{B31463F4-2A4C-4F53-8F65-941C7B754AB5}.Debug|Any CPU.ActiveCfg = Debug|Any CPU
		{B31463F4-2A4C-4F53-8F65-941C7B754AB5}.Debug|Any CPU.Build.0 = Debug|Any CPU
		{B31463F4-2A4C-4F53-8F65-941C7B754AB5}.Release|Any CPU.ActiveCfg = Release|Any CPU
		{B31463F4-2A4C-4F53-8F65-941C7B754AB5}.Release|Any CPU.Build.0 = Release|Any CPU
		{382D7948-7EA7-49C5-B0FE-A287B2A36004}.Debug|Any CPU.ActiveCfg = Debug|Any CPU
		{382D7948-7EA7-49C5-B0FE-A287B2A36004}.Debug|Any CPU.Build.0 = Debug|Any CPU
		{382D7948-7EA7-49C5-B0FE-A287B2A36004}.Release|Any CPU.ActiveCfg = Release|Any CPU
		{382D7948-7EA7-49C5-B0FE-A287B2A36004}.Release|Any CPU.Build.0 = Release|Any CPU
		{746B0EF2-A2D2-4035-9EB3-1512B30C6803}.Debug|Any CPU.ActiveCfg = Debug|Any CPU
		{746B0EF2-A2D2-4035-9EB3-1512B30C6803}.Debug|Any CPU.Build.0 = Debug|Any CPU
		{746B0EF2-A2D2-4035-9EB3-1512B30C6803}.Release|Any CPU.ActiveCfg = Release|Any CPU
		{746B0EF2-A2D2-4035-9EB3-1512B30C6803}.Release|Any CPU.Build.0 = Release|Any CPU
		{3E05BD2C-E150-4A16-9830-A673BC3EFC9E}.Debug|Any CPU.ActiveCfg = Debug|Any CPU
		{3E05BD2C-E150-4A16-9830-A673BC3EFC9E}.Debug|Any CPU.Build.0 = Debug|Any CPU
		{3E05BD2C-E150-4A16-9830-A673BC3EFC9E}.Release|Any CPU.ActiveCfg = Release|Any CPU
		{3E05BD2C-E150-4A16-9830-A673BC3EFC9E}.Release|Any CPU.Build.0 = Release|Any CPU
		{0CB5815F-18BF-46C3-AA3B-7109675817CA}.Debug|Any CPU.ActiveCfg = Debug|Any CPU
		{0CB5815F-18BF-46C3-AA3B-7109675817CA}.Debug|Any CPU.Build.0 = Debug|Any CPU
		{0CB5815F-18BF-46C3-AA3B-7109675817CA}.Release|Any CPU.ActiveCfg = Release|Any CPU
		{0CB5815F-18BF-46C3-AA3B-7109675817CA}.Release|Any CPU.Build.0 = Release|Any CPU
		{2FA435F5-B415-4994-A0F9-0D73D3CD7783}.Debug|Any CPU.ActiveCfg = Debug|Any CPU
		{2FA435F5-B415-4994-A0F9-0D73D3CD7783}.Debug|Any CPU.Build.0 = Debug|Any CPU
		{2FA435F5-B415-4994-A0F9-0D73D3CD7783}.Release|Any CPU.ActiveCfg = Release|Any CPU
		{2FA435F5-B415-4994-A0F9-0D73D3CD7783}.Release|Any CPU.Build.0 = Release|Any CPU
		{21198ABF-B362-40B2-917A-A7DE4736B9E4}.Debug|Any CPU.ActiveCfg = Debug|Any CPU
		{21198ABF-B362-40B2-917A-A7DE4736B9E4}.Debug|Any CPU.Build.0 = Debug|Any CPU
		{21198ABF-B362-40B2-917A-A7DE4736B9E4}.Release|Any CPU.ActiveCfg = Release|Any CPU
		{21198ABF-B362-40B2-917A-A7DE4736B9E4}.Release|Any CPU.Build.0 = Release|Any CPU
		{36FD88FF-5B03-47BA-843B-3FE2943B69BB}.Debug|Any CPU.ActiveCfg = Debug|Any CPU
		{36FD88FF-5B03-47BA-843B-3FE2943B69BB}.Debug|Any CPU.Build.0 = Debug|Any CPU
		{36FD88FF-5B03-47BA-843B-3FE2943B69BB}.Release|Any CPU.ActiveCfg = Release|Any CPU
		{36FD88FF-5B03-47BA-843B-3FE2943B69BB}.Release|Any CPU.Build.0 = Release|Any CPU
		{700FD855-8D0B-4BB8-AFE6-8F03AD12CB73}.Debug|Any CPU.ActiveCfg = Debug|Any CPU
		{700FD855-8D0B-4BB8-AFE6-8F03AD12CB73}.Debug|Any CPU.Build.0 = Debug|Any CPU
		{700FD855-8D0B-4BB8-AFE6-8F03AD12CB73}.Release|Any CPU.ActiveCfg = Release|Any CPU
		{700FD855-8D0B-4BB8-AFE6-8F03AD12CB73}.Release|Any CPU.Build.0 = Release|Any CPU
		{71D74135-9B3B-47C4-8C81-9817302657BC}.Debug|Any CPU.ActiveCfg = Debug|Any CPU
		{71D74135-9B3B-47C4-8C81-9817302657BC}.Debug|Any CPU.Build.0 = Debug|Any CPU
		{71D74135-9B3B-47C4-8C81-9817302657BC}.Release|Any CPU.ActiveCfg = Release|Any CPU
		{71D74135-9B3B-47C4-8C81-9817302657BC}.Release|Any CPU.Build.0 = Release|Any CPU
		{8660D22C-4570-4553-8CA9-D59BB899AC9D}.Debug|Any CPU.ActiveCfg = Debug|Any CPU
		{8660D22C-4570-4553-8CA9-D59BB899AC9D}.Debug|Any CPU.Build.0 = Debug|Any CPU
		{8660D22C-4570-4553-8CA9-D59BB899AC9D}.Release|Any CPU.ActiveCfg = Release|Any CPU
		{8660D22C-4570-4553-8CA9-D59BB899AC9D}.Release|Any CPU.Build.0 = Release|Any CPU
		{57467903-91E0-4F06-BB98-397491D8F77B}.Debug|Any CPU.ActiveCfg = Debug|Any CPU
		{57467903-91E0-4F06-BB98-397491D8F77B}.Debug|Any CPU.Build.0 = Debug|Any CPU
		{57467903-91E0-4F06-BB98-397491D8F77B}.Release|Any CPU.ActiveCfg = Release|Any CPU
		{57467903-91E0-4F06-BB98-397491D8F77B}.Release|Any CPU.Build.0 = Release|Any CPU
		{6FD9AD8C-8498-4B53-816C-11E51D781F23}.Debug|Any CPU.ActiveCfg = Debug|Any CPU
		{6FD9AD8C-8498-4B53-816C-11E51D781F23}.Debug|Any CPU.Build.0 = Debug|Any CPU
		{6FD9AD8C-8498-4B53-816C-11E51D781F23}.Release|Any CPU.ActiveCfg = Release|Any CPU
		{6FD9AD8C-8498-4B53-816C-11E51D781F23}.Release|Any CPU.Build.0 = Release|Any CPU
		{B5FFE4C7-4624-4654-944F-7E07778EC9E4}.Debug|Any CPU.ActiveCfg = Debug|Any CPU
		{B5FFE4C7-4624-4654-944F-7E07778EC9E4}.Debug|Any CPU.Build.0 = Debug|Any CPU
		{B5FFE4C7-4624-4654-944F-7E07778EC9E4}.Release|Any CPU.ActiveCfg = Release|Any CPU
		{B5FFE4C7-4624-4654-944F-7E07778EC9E4}.Release|Any CPU.Build.0 = Release|Any CPU
		{D016ABE7-503A-40FE-BC7B-99D91F6CF061}.Debug|Any CPU.ActiveCfg = Debug|Any CPU
		{D016ABE7-503A-40FE-BC7B-99D91F6CF061}.Debug|Any CPU.Build.0 = Debug|Any CPU
		{D016ABE7-503A-40FE-BC7B-99D91F6CF061}.Release|Any CPU.ActiveCfg = Release|Any CPU
		{D016ABE7-503A-40FE-BC7B-99D91F6CF061}.Release|Any CPU.Build.0 = Release|Any CPU
		{B209B7BF-7E8B-4874-983C-BD7AEAF9DCE1}.Debug|Any CPU.ActiveCfg = Debug|Any CPU
		{B209B7BF-7E8B-4874-983C-BD7AEAF9DCE1}.Debug|Any CPU.Build.0 = Debug|Any CPU
		{B209B7BF-7E8B-4874-983C-BD7AEAF9DCE1}.Release|Any CPU.ActiveCfg = Release|Any CPU
		{B209B7BF-7E8B-4874-983C-BD7AEAF9DCE1}.Release|Any CPU.Build.0 = Release|Any CPU
		{3F7A88DB-D5A9-47DF-84F6-0D15B7B049FA}.Debug|Any CPU.ActiveCfg = Debug|Any CPU
		{3F7A88DB-D5A9-47DF-84F6-0D15B7B049FA}.Debug|Any CPU.Build.0 = Debug|Any CPU
		{3F7A88DB-D5A9-47DF-84F6-0D15B7B049FA}.Release|Any CPU.ActiveCfg = Release|Any CPU
		{3F7A88DB-D5A9-47DF-84F6-0D15B7B049FA}.Release|Any CPU.Build.0 = Release|Any CPU
		{2B6D3B1E-CFB2-4816-83F6-468DBEE7C0D1}.Debug|Any CPU.ActiveCfg = Debug|Any CPU
		{2B6D3B1E-CFB2-4816-83F6-468DBEE7C0D1}.Debug|Any CPU.Build.0 = Debug|Any CPU
		{2B6D3B1E-CFB2-4816-83F6-468DBEE7C0D1}.Release|Any CPU.ActiveCfg = Release|Any CPU
		{2B6D3B1E-CFB2-4816-83F6-468DBEE7C0D1}.Release|Any CPU.Build.0 = Release|Any CPU
		{02871188-1F67-412D-8840-20D746871287}.Debug|Any CPU.ActiveCfg = Debug|Any CPU
		{02871188-1F67-412D-8840-20D746871287}.Debug|Any CPU.Build.0 = Debug|Any CPU
		{02871188-1F67-412D-8840-20D746871287}.Release|Any CPU.ActiveCfg = Release|Any CPU
		{02871188-1F67-412D-8840-20D746871287}.Release|Any CPU.Build.0 = Release|Any CPU
		{8AD54218-3F3C-4FE2-BDB9-1C61A60F8D59}.Debug|Any CPU.ActiveCfg = Debug|Any CPU
		{8AD54218-3F3C-4FE2-BDB9-1C61A60F8D59}.Debug|Any CPU.Build.0 = Debug|Any CPU
		{8AD54218-3F3C-4FE2-BDB9-1C61A60F8D59}.Release|Any CPU.ActiveCfg = Release|Any CPU
		{8AD54218-3F3C-4FE2-BDB9-1C61A60F8D59}.Release|Any CPU.Build.0 = Release|Any CPU
		{F0FCD6DF-C754-4A9C-829F-CA19D0A44CE6}.Debug|Any CPU.ActiveCfg = Debug|Any CPU
		{F0FCD6DF-C754-4A9C-829F-CA19D0A44CE6}.Debug|Any CPU.Build.0 = Debug|Any CPU
		{F0FCD6DF-C754-4A9C-829F-CA19D0A44CE6}.Release|Any CPU.ActiveCfg = Release|Any CPU
		{F0FCD6DF-C754-4A9C-829F-CA19D0A44CE6}.Release|Any CPU.Build.0 = Release|Any CPU
		{5D7A36C6-3564-4670-A0C4-F49D0CABD92D}.Debug|Any CPU.ActiveCfg = Debug|Any CPU
		{5D7A36C6-3564-4670-A0C4-F49D0CABD92D}.Debug|Any CPU.Build.0 = Debug|Any CPU
		{5D7A36C6-3564-4670-A0C4-F49D0CABD92D}.Release|Any CPU.ActiveCfg = Release|Any CPU
		{5D7A36C6-3564-4670-A0C4-F49D0CABD92D}.Release|Any CPU.Build.0 = Release|Any CPU
		{46A77207-2E30-4311-97F3-8D6E64D481D7}.Debug|Any CPU.ActiveCfg = Debug|Any CPU
		{46A77207-2E30-4311-97F3-8D6E64D481D7}.Debug|Any CPU.Build.0 = Debug|Any CPU
		{46A77207-2E30-4311-97F3-8D6E64D481D7}.Release|Any CPU.ActiveCfg = Release|Any CPU
		{46A77207-2E30-4311-97F3-8D6E64D481D7}.Release|Any CPU.Build.0 = Release|Any CPU
		{5D121B67-B4EB-4BA2-AE27-6D2A7895E3B4}.Debug|Any CPU.ActiveCfg = Debug|Any CPU
		{5D121B67-B4EB-4BA2-AE27-6D2A7895E3B4}.Debug|Any CPU.Build.0 = Debug|Any CPU
		{5D121B67-B4EB-4BA2-AE27-6D2A7895E3B4}.Release|Any CPU.ActiveCfg = Release|Any CPU
		{5D121B67-B4EB-4BA2-AE27-6D2A7895E3B4}.Release|Any CPU.Build.0 = Release|Any CPU
		{7A4D875A-F49F-49D3-8288-F9A80EE23EF3}.Debug|Any CPU.ActiveCfg = Debug|Any CPU
		{7A4D875A-F49F-49D3-8288-F9A80EE23EF3}.Debug|Any CPU.Build.0 = Debug|Any CPU
		{7A4D875A-F49F-49D3-8288-F9A80EE23EF3}.Release|Any CPU.ActiveCfg = Release|Any CPU
		{7A4D875A-F49F-49D3-8288-F9A80EE23EF3}.Release|Any CPU.Build.0 = Release|Any CPU
		{C9BBD428-40F1-499F-A87C-8B83301D7723}.Debug|Any CPU.ActiveCfg = Debug|Any CPU
		{C9BBD428-40F1-499F-A87C-8B83301D7723}.Debug|Any CPU.Build.0 = Debug|Any CPU
		{C9BBD428-40F1-499F-A87C-8B83301D7723}.Release|Any CPU.ActiveCfg = Release|Any CPU
		{C9BBD428-40F1-499F-A87C-8B83301D7723}.Release|Any CPU.Build.0 = Release|Any CPU
		{D1FE2987-58CC-4EC7-B235-97563591F807}.Debug|Any CPU.ActiveCfg = Debug|Any CPU
		{D1FE2987-58CC-4EC7-B235-97563591F807}.Debug|Any CPU.Build.0 = Debug|Any CPU
		{D1FE2987-58CC-4EC7-B235-97563591F807}.Release|Any CPU.ActiveCfg = Release|Any CPU
		{D1FE2987-58CC-4EC7-B235-97563591F807}.Release|Any CPU.Build.0 = Release|Any CPU
		{00F572B5-ADDE-4072-A93E-A45F7060AA08}.Debug|Any CPU.ActiveCfg = Debug|Any CPU
		{00F572B5-ADDE-4072-A93E-A45F7060AA08}.Debug|Any CPU.Build.0 = Debug|Any CPU
		{00F572B5-ADDE-4072-A93E-A45F7060AA08}.Release|Any CPU.ActiveCfg = Release|Any CPU
		{00F572B5-ADDE-4072-A93E-A45F7060AA08}.Release|Any CPU.Build.0 = Release|Any CPU
		{52F123FE-25AD-4274-815B-4CC52173091B}.Debug|Any CPU.ActiveCfg = Debug|Any CPU
		{52F123FE-25AD-4274-815B-4CC52173091B}.Debug|Any CPU.Build.0 = Debug|Any CPU
		{52F123FE-25AD-4274-815B-4CC52173091B}.Release|Any CPU.ActiveCfg = Release|Any CPU
		{52F123FE-25AD-4274-815B-4CC52173091B}.Release|Any CPU.Build.0 = Release|Any CPU
		{DB2BDDFC-0AE1-4067-B0EB-F27ABD7DD03A}.Debug|Any CPU.ActiveCfg = Debug|Any CPU
		{DB2BDDFC-0AE1-4067-B0EB-F27ABD7DD03A}.Debug|Any CPU.Build.0 = Debug|Any CPU
		{DB2BDDFC-0AE1-4067-B0EB-F27ABD7DD03A}.Release|Any CPU.ActiveCfg = Release|Any CPU
		{DB2BDDFC-0AE1-4067-B0EB-F27ABD7DD03A}.Release|Any CPU.Build.0 = Release|Any CPU
		{5B4D450C-5BDF-452E-AF39-5DD40C20BF91}.Debug|Any CPU.ActiveCfg = Debug|Any CPU
		{5B4D450C-5BDF-452E-AF39-5DD40C20BF91}.Debug|Any CPU.Build.0 = Debug|Any CPU
		{5B4D450C-5BDF-452E-AF39-5DD40C20BF91}.Release|Any CPU.ActiveCfg = Release|Any CPU
		{5B4D450C-5BDF-452E-AF39-5DD40C20BF91}.Release|Any CPU.Build.0 = Release|Any CPU
		{77D58160-468D-43F2-BB4D-887DD78ED8B6}.Debug|Any CPU.ActiveCfg = Debug|Any CPU
		{77D58160-468D-43F2-BB4D-887DD78ED8B6}.Debug|Any CPU.Build.0 = Debug|Any CPU
		{77D58160-468D-43F2-BB4D-887DD78ED8B6}.Release|Any CPU.ActiveCfg = Release|Any CPU
		{77D58160-468D-43F2-BB4D-887DD78ED8B6}.Release|Any CPU.Build.0 = Release|Any CPU
	EndGlobalSection
	GlobalSection(SolutionProperties) = preSolution
		HideSolutionNode = FALSE
	EndGlobalSection
	GlobalSection(ExtensibilityGlobals) = postSolution
		SolutionGuid = {7C144B51-DE94-4A0B-B777-66EA3E15FCC8}
	EndGlobalSection
EndGlobal
