
Microsoft Visual Studio Solution File, Format Version 12.00
# Visual Studio Version 17
VisualStudioVersion = 17.2.32630.192
MinimumVisualStudioVersion = 10.0.40219.1
Project("{9A19103F-16F7-4668-BE54-9A1E7A4F7556}") = "R5T.O0003.Construction", "R5T.O0003.Construction\R5T.O0003.Construction.csproj", "{B31463F4-2A4C-4F53-8F65-941C7B754AB5}"
EndProject
Project("{9A19103F-16F7-4668-BE54-9A1E7A4F7556}") = "R5T.O0003", "R5T.O0003\R5T.O0003.csproj", "{382D7948-7EA7-49C5-B0FE-A287B2A36004}"
EndProject
Global
	GlobalSection(SolutionConfigurationPlatforms) = preSolution
		Debug|Any CPU = Debug|Any CPU
		Release|Any CPU = Release|Any CPU
	EndGlobalSection
	GlobalSection(ProjectConfigurationPlatforms) = postSolution
		{B31463F4-2A4C-4F53-8F65-941C7B754AB5}.Debug|Any CPU.ActiveCfg = Debug|Any CPU
		{B31463F4-2A4C-4F53-8F65-941C7B754AB5}.Debug|Any CPU.Build.0 = Debug|Any CPU
		{B31463F4-2A4C-4F53-8F65-941C7B754AB5}.Release|Any CPU.ActiveCfg = Release|Any CPU
		{B31463F4-2A4C-4F53-8F65-941C7B754AB5}.Release|Any CPU.Build.0 = Release|Any CPU
		{382D7948-7EA7-49C5-B0FE-A287B2A36004}.Debug|Any CPU.ActiveCfg = Debug|Any CPU
		{382D7948-7EA7-49C5-B0FE-A287B2A36004}.Debug|Any CPU.Build.0 = Debug|Any CPU
		{382D7948-7EA7-49C5-B0FE-A287B2A36004}.Release|Any CPU.ActiveCfg = Release|Any CPU
		{382D7948-7EA7-49C5-B0FE-A287B2A36004}.Release|Any CPU.Build.0 = Release|Any CPU
	EndGlobalSection
	GlobalSection(SolutionProperties) = preSolution
		HideSolutionNode = FALSE
	EndGlobalSection
	GlobalSection(ExtensibilityGlobals) = postSolution
		SolutionGuid = {7C144B51-DE94-4A0B-B777-66EA3E15FCC8}
	EndGlobalSection
EndGlobal
