
Microsoft Visual Studio Solution File, Format Version 12.00
# Visual Studio Version 17
VisualStudioVersion = 17.2.32630.192
MinimumVisualStudioVersion = 10.0.40219.1
Project("{9A19103F-16F7-4668-BE54-9A1E7A4F7556}") = "R5T.O0003", "R5T.O0003\R5T.O0003.csproj", "{DCEAB064-0820-4517-8C01-5616F176C0BA}"
EndProject
Project("{2150E333-8FDC-42A3-9474-1A3956D46DE8}") = "_Dependencies", "_Dependencies", "{CDD3748B-B3C3-4095-960D-B338AB77CB0F}"
EndProject
Project("{9A19103F-16F7-4668-BE54-9A1E7A4F7556}") = "R5T.F0000", "..\..\R5T.F0000\source\R5T.F0000\R5T.F0000.csproj", "{FB307BCF-CDC4-4647-B88B-73CFD743D95B}"
EndProject
Project("{9A19103F-16F7-4668-BE54-9A1E7A4F7556}") = "R5T.F0002", "..\..\R5T.F0002\source\R5T.F0002\R5T.F0002.csproj", "{A5347BC2-7D0D-4B2C-BD06-600E56F1787B}"
EndProject
Project("{9A19103F-16F7-4668-BE54-9A1E7A4F7556}") = "R5T.F0120", "..\..\R5T.F0120\source\R5T.F0120\R5T.F0120.csproj", "{89B82067-9165-40F3-851A-0A686C3627FC}"
EndProject
Project("{9A19103F-16F7-4668-BE54-9A1E7A4F7556}") = "R5T.F0124", "..\..\R5T.F0124\source\R5T.F0124\R5T.F0124.csproj", "{E5DF31B3-E3A5-439D-876A-180AFA1B2BB5}"
EndProject
Project("{9A19103F-16F7-4668-BE54-9A1E7A4F7556}") = "R5T.F0125", "..\..\R5T.F0125\source\R5T.F0125\R5T.F0125.csproj", "{2311CFD9-8681-461B-85A1-C2F1D6671D13}"
EndProject
Project("{9A19103F-16F7-4668-BE54-9A1E7A4F7556}") = "R5T.L0030.T000", "..\..\R5T.L0030\source\R5T.L0030.T000\R5T.L0030.T000.csproj", "{DD0B5DBB-AB67-4EAD-A4F3-7465644BC7A0}"
EndProject
Project("{9A19103F-16F7-4668-BE54-9A1E7A4F7556}") = "R5T.L0030", "..\..\R5T.L0030\source\R5T.L0030\R5T.L0030.csproj", "{BBD89CBC-58B0-4348-A61D-68FB99E6B4B1}"
EndProject
Project("{9A19103F-16F7-4668-BE54-9A1E7A4F7556}") = "R5T.L0034", "..\..\R5T.L0034\source\R5T.L0034\R5T.L0034.csproj", "{696523B9-2FD0-4D14-860F-3E3EF39F0AA9}"
EndProject
Project("{9A19103F-16F7-4668-BE54-9A1E7A4F7556}") = "R5T.L0035", "..\..\R5T.L0035\source\R5T.L0035\R5T.L0035.csproj", "{BD32571D-A70E-43A3-A225-42663931CAF2}"
EndProject
Project("{9A19103F-16F7-4668-BE54-9A1E7A4F7556}") = "R5T.T0131", "..\..\R5T.T0131\source\R5T.T0131\R5T.T0131.csproj", "{F3DE14C4-7B91-4645-84CE-59207D5FF49E}"
EndProject
Project("{9A19103F-16F7-4668-BE54-9A1E7A4F7556}") = "R5T.T0132", "..\..\R5T.T0132\source\R5T.T0132\R5T.T0132.csproj", "{8A8132F6-4C71-4672-94F4-F40240069E41}"
EndProject
Project("{9A19103F-16F7-4668-BE54-9A1E7A4F7556}") = "R5T.T0142", "..\..\R5T.T0142\source\R5T.T0142\R5T.T0142.csproj", "{A7BF8016-4FC6-4AB7-A9FC-874C6E7311A3}"
EndProject
Project("{9A19103F-16F7-4668-BE54-9A1E7A4F7556}") = "R5T.T0143", "..\..\R5T.T0143\source\R5T.T0143\R5T.T0143.csproj", "{B4DC90D6-3B2D-4E15-8AA2-E63F1FDDBC2F}"
EndProject
Project("{9A19103F-16F7-4668-BE54-9A1E7A4F7556}") = "R5T.T0156", "..\..\R5T.T0156\source\R5T.T0156\R5T.T0156.csproj", "{E3FEDB33-AD51-4E7A-B002-DB7287F8EC85}"
EndProject
Project("{9A19103F-16F7-4668-BE54-9A1E7A4F7556}") = "R5T.T0174", "..\..\R5T.T0174\source\R5T.T0174\R5T.T0174.csproj", "{F8267726-B84B-4F41-A44E-BE69FBC4A3A9}"
EndProject
Project("{9A19103F-16F7-4668-BE54-9A1E7A4F7556}") = "R5T.T0176", "..\..\R5T.T0176\source\R5T.T0176\R5T.T0176.csproj", "{2EC0E109-6857-4F44-9B49-24CF867F084C}"
EndProject
Project("{9A19103F-16F7-4668-BE54-9A1E7A4F7556}") = "R5T.T0177", "..\..\R5T.T0177\source\R5T.T0177\R5T.T0177.csproj", "{7774698D-D0EB-41D8-A6F7-18E835FE8880}"
EndProject
Project("{9A19103F-16F7-4668-BE54-9A1E7A4F7556}") = "R5T.T0178", "..\..\R5T.T0178\source\R5T.T0178\R5T.T0178.csproj", "{283EE7CA-DEB4-4973-AC19-23AA260B816A}"
EndProject
Project("{9A19103F-16F7-4668-BE54-9A1E7A4F7556}") = "R5T.T0179", "..\..\R5T.T0179\source\R5T.T0179\R5T.T0179.csproj", "{4E5D68C3-7C52-41FA-AE48-DF3B70145990}"
EndProject
Project("{9A19103F-16F7-4668-BE54-9A1E7A4F7556}") = "R5T.T0180", "..\..\R5T.T0180\source\R5T.T0180\R5T.T0180.csproj", "{3510D288-09DC-4602-A98E-218741DB1C65}"
EndProject
Project("{9A19103F-16F7-4668-BE54-9A1E7A4F7556}") = "R5T.T0181", "..\..\R5T.T0181\source\R5T.T0181\R5T.T0181.csproj", "{239D62DB-7323-48CF-BAFB-D4450F9D59A5}"
EndProject
Project("{9A19103F-16F7-4668-BE54-9A1E7A4F7556}") = "R5T.T0185", "..\..\R5T.T0185\source\R5T.T0185\R5T.T0185.csproj", "{EC0C498F-7361-45DA-8D98-D4DC6CBA6283}"
EndProject
Project("{9A19103F-16F7-4668-BE54-9A1E7A4F7556}") = "R5T.Y0000", "..\..\R5T.Y0000\source\R5T.Y0000\R5T.Y0000.csproj", "{B74834D6-FDF2-4703-A2F3-5A8B7BE048BD}"
EndProject
Project("{9A19103F-16F7-4668-BE54-9A1E7A4F7556}") = "R5T.Z0000", "..\..\R5T.Z0000\source\R5T.Z0000\R5T.Z0000.csproj", "{5600BA41-5761-4110-8310-0FA50258A71C}"
EndProject
Project("{9A19103F-16F7-4668-BE54-9A1E7A4F7556}") = "R5T.T0193", "..\..\R5T.T0193\source\R5T.T0193\R5T.T0193.csproj", "{AEEAA8E4-235F-415C-87D5-38B361A90121}"
EndProject
Project("{9A19103F-16F7-4668-BE54-9A1E7A4F7556}") = "R5T.T0161", "..\..\R5T.T0161\source\R5T.T0161\R5T.T0161.csproj", "{38D21560-70F1-4749-922C-2CD7C9E62FF2}"
EndProject
Project("{9A19103F-16F7-4668-BE54-9A1E7A4F7556}") = "R5T.F0131", "..\..\R5T.F0131\source\R5T.F0131\R5T.F0131.csproj", "{DF0AFEE4-2B6C-414B-8AA8-957FCE111BB1}"
EndProject
Project("{9A19103F-16F7-4668-BE54-9A1E7A4F7556}") = "R5T.T0150", "..\..\R5T.T0150\source\R5T.T0150\R5T.T0150.csproj", "{ECA3DB93-28EE-4129-B3F8-93AB834C24D2}"
EndProject
Project("{9A19103F-16F7-4668-BE54-9A1E7A4F7556}") = "R5T.T0151", "..\..\R5T.T0151\source\R5T.T0151\R5T.T0151.csproj", "{656F8329-DB3A-4FE3-A020-7BB93990AE20}"
EndProject
Project("{9A19103F-16F7-4668-BE54-9A1E7A4F7556}") = "R5T.T0172", "..\..\R5T.T0172\source\R5T.T0172\R5T.T0172.csproj", "{DB6C0469-552E-4C5D-8E98-520BA5CDC976}"
EndProject
Global
	GlobalSection(NestedProjects) = preSolution
		{FB307BCF-CDC4-4647-B88B-73CFD743D95B} = {CDD3748B-B3C3-4095-960D-B338AB77CB0F}
		{A5347BC2-7D0D-4B2C-BD06-600E56F1787B} = {CDD3748B-B3C3-4095-960D-B338AB77CB0F}
		{89B82067-9165-40F3-851A-0A686C3627FC} = {CDD3748B-B3C3-4095-960D-B338AB77CB0F}
		{E5DF31B3-E3A5-439D-876A-180AFA1B2BB5} = {CDD3748B-B3C3-4095-960D-B338AB77CB0F}
		{2311CFD9-8681-461B-85A1-C2F1D6671D13} = {CDD3748B-B3C3-4095-960D-B338AB77CB0F}
		{DD0B5DBB-AB67-4EAD-A4F3-7465644BC7A0} = {CDD3748B-B3C3-4095-960D-B338AB77CB0F}
		{BBD89CBC-58B0-4348-A61D-68FB99E6B4B1} = {CDD3748B-B3C3-4095-960D-B338AB77CB0F}
		{696523B9-2FD0-4D14-860F-3E3EF39F0AA9} = {CDD3748B-B3C3-4095-960D-B338AB77CB0F}
		{BD32571D-A70E-43A3-A225-42663931CAF2} = {CDD3748B-B3C3-4095-960D-B338AB77CB0F}
		{F3DE14C4-7B91-4645-84CE-59207D5FF49E} = {CDD3748B-B3C3-4095-960D-B338AB77CB0F}
		{8A8132F6-4C71-4672-94F4-F40240069E41} = {CDD3748B-B3C3-4095-960D-B338AB77CB0F}
		{A7BF8016-4FC6-4AB7-A9FC-874C6E7311A3} = {CDD3748B-B3C3-4095-960D-B338AB77CB0F}
		{B4DC90D6-3B2D-4E15-8AA2-E63F1FDDBC2F} = {CDD3748B-B3C3-4095-960D-B338AB77CB0F}
		{E3FEDB33-AD51-4E7A-B002-DB7287F8EC85} = {CDD3748B-B3C3-4095-960D-B338AB77CB0F}
		{F8267726-B84B-4F41-A44E-BE69FBC4A3A9} = {CDD3748B-B3C3-4095-960D-B338AB77CB0F}
		{2EC0E109-6857-4F44-9B49-24CF867F084C} = {CDD3748B-B3C3-4095-960D-B338AB77CB0F}
		{7774698D-D0EB-41D8-A6F7-18E835FE8880} = {CDD3748B-B3C3-4095-960D-B338AB77CB0F}
		{283EE7CA-DEB4-4973-AC19-23AA260B816A} = {CDD3748B-B3C3-4095-960D-B338AB77CB0F}
		{4E5D68C3-7C52-41FA-AE48-DF3B70145990} = {CDD3748B-B3C3-4095-960D-B338AB77CB0F}
		{3510D288-09DC-4602-A98E-218741DB1C65} = {CDD3748B-B3C3-4095-960D-B338AB77CB0F}
		{239D62DB-7323-48CF-BAFB-D4450F9D59A5} = {CDD3748B-B3C3-4095-960D-B338AB77CB0F}
		{EC0C498F-7361-45DA-8D98-D4DC6CBA6283} = {CDD3748B-B3C3-4095-960D-B338AB77CB0F}
		{B74834D6-FDF2-4703-A2F3-5A8B7BE048BD} = {CDD3748B-B3C3-4095-960D-B338AB77CB0F}
		{5600BA41-5761-4110-8310-0FA50258A71C} = {CDD3748B-B3C3-4095-960D-B338AB77CB0F}
		{AEEAA8E4-235F-415C-87D5-38B361A90121} = {CDD3748B-B3C3-4095-960D-B338AB77CB0F}
		{38D21560-70F1-4749-922C-2CD7C9E62FF2} = {CDD3748B-B3C3-4095-960D-B338AB77CB0F}
		{DF0AFEE4-2B6C-414B-8AA8-957FCE111BB1} = {CDD3748B-B3C3-4095-960D-B338AB77CB0F}
		{ECA3DB93-28EE-4129-B3F8-93AB834C24D2} = {CDD3748B-B3C3-4095-960D-B338AB77CB0F}
		{656F8329-DB3A-4FE3-A020-7BB93990AE20} = {CDD3748B-B3C3-4095-960D-B338AB77CB0F}
		{DB6C0469-552E-4C5D-8E98-520BA5CDC976} = {CDD3748B-B3C3-4095-960D-B338AB77CB0F}
	EndGlobalSection
	GlobalSection(SolutionConfigurationPlatforms) = preSolution
		Debug|Any CPU = Debug|Any CPU
		Release|Any CPU = Release|Any CPU
	EndGlobalSection
	GlobalSection(ProjectConfigurationPlatforms) = postSolution
		{DCEAB064-0820-4517-8C01-5616F176C0BA}.Debug|Any CPU.ActiveCfg = Debug|Any CPU
		{DCEAB064-0820-4517-8C01-5616F176C0BA}.Debug|Any CPU.Build.0 = Debug|Any CPU
		{DCEAB064-0820-4517-8C01-5616F176C0BA}.Release|Any CPU.ActiveCfg = Release|Any CPU
		{DCEAB064-0820-4517-8C01-5616F176C0BA}.Release|Any CPU.Build.0 = Release|Any CPU
		{FB307BCF-CDC4-4647-B88B-73CFD743D95B}.Debug|Any CPU.ActiveCfg = Debug|Any CPU
		{FB307BCF-CDC4-4647-B88B-73CFD743D95B}.Debug|Any CPU.Build.0 = Debug|Any CPU
		{FB307BCF-CDC4-4647-B88B-73CFD743D95B}.Release|Any CPU.ActiveCfg = Release|Any CPU
		{FB307BCF-CDC4-4647-B88B-73CFD743D95B}.Release|Any CPU.Build.0 = Release|Any CPU
		{A5347BC2-7D0D-4B2C-BD06-600E56F1787B}.Debug|Any CPU.ActiveCfg = Debug|Any CPU
		{A5347BC2-7D0D-4B2C-BD06-600E56F1787B}.Debug|Any CPU.Build.0 = Debug|Any CPU
		{A5347BC2-7D0D-4B2C-BD06-600E56F1787B}.Release|Any CPU.ActiveCfg = Release|Any CPU
		{A5347BC2-7D0D-4B2C-BD06-600E56F1787B}.Release|Any CPU.Build.0 = Release|Any CPU
		{89B82067-9165-40F3-851A-0A686C3627FC}.Debug|Any CPU.ActiveCfg = Debug|Any CPU
		{89B82067-9165-40F3-851A-0A686C3627FC}.Debug|Any CPU.Build.0 = Debug|Any CPU
		{89B82067-9165-40F3-851A-0A686C3627FC}.Release|Any CPU.ActiveCfg = Release|Any CPU
		{89B82067-9165-40F3-851A-0A686C3627FC}.Release|Any CPU.Build.0 = Release|Any CPU
		{E5DF31B3-E3A5-439D-876A-180AFA1B2BB5}.Debug|Any CPU.ActiveCfg = Debug|Any CPU
		{E5DF31B3-E3A5-439D-876A-180AFA1B2BB5}.Debug|Any CPU.Build.0 = Debug|Any CPU
		{E5DF31B3-E3A5-439D-876A-180AFA1B2BB5}.Release|Any CPU.ActiveCfg = Release|Any CPU
		{E5DF31B3-E3A5-439D-876A-180AFA1B2BB5}.Release|Any CPU.Build.0 = Release|Any CPU
		{2311CFD9-8681-461B-85A1-C2F1D6671D13}.Debug|Any CPU.ActiveCfg = Debug|Any CPU
		{2311CFD9-8681-461B-85A1-C2F1D6671D13}.Debug|Any CPU.Build.0 = Debug|Any CPU
		{2311CFD9-8681-461B-85A1-C2F1D6671D13}.Release|Any CPU.ActiveCfg = Release|Any CPU
		{2311CFD9-8681-461B-85A1-C2F1D6671D13}.Release|Any CPU.Build.0 = Release|Any CPU
		{DD0B5DBB-AB67-4EAD-A4F3-7465644BC7A0}.Debug|Any CPU.ActiveCfg = Debug|Any CPU
		{DD0B5DBB-AB67-4EAD-A4F3-7465644BC7A0}.Debug|Any CPU.Build.0 = Debug|Any CPU
		{DD0B5DBB-AB67-4EAD-A4F3-7465644BC7A0}.Release|Any CPU.ActiveCfg = Release|Any CPU
		{DD0B5DBB-AB67-4EAD-A4F3-7465644BC7A0}.Release|Any CPU.Build.0 = Release|Any CPU
		{BBD89CBC-58B0-4348-A61D-68FB99E6B4B1}.Debug|Any CPU.ActiveCfg = Debug|Any CPU
		{BBD89CBC-58B0-4348-A61D-68FB99E6B4B1}.Debug|Any CPU.Build.0 = Debug|Any CPU
		{BBD89CBC-58B0-4348-A61D-68FB99E6B4B1}.Release|Any CPU.ActiveCfg = Release|Any CPU
		{BBD89CBC-58B0-4348-A61D-68FB99E6B4B1}.Release|Any CPU.Build.0 = Release|Any CPU
		{696523B9-2FD0-4D14-860F-3E3EF39F0AA9}.Debug|Any CPU.ActiveCfg = Debug|Any CPU
		{696523B9-2FD0-4D14-860F-3E3EF39F0AA9}.Debug|Any CPU.Build.0 = Debug|Any CPU
		{696523B9-2FD0-4D14-860F-3E3EF39F0AA9}.Release|Any CPU.ActiveCfg = Release|Any CPU
		{696523B9-2FD0-4D14-860F-3E3EF39F0AA9}.Release|Any CPU.Build.0 = Release|Any CPU
		{BD32571D-A70E-43A3-A225-42663931CAF2}.Debug|Any CPU.ActiveCfg = Debug|Any CPU
		{BD32571D-A70E-43A3-A225-42663931CAF2}.Debug|Any CPU.Build.0 = Debug|Any CPU
		{BD32571D-A70E-43A3-A225-42663931CAF2}.Release|Any CPU.ActiveCfg = Release|Any CPU
		{BD32571D-A70E-43A3-A225-42663931CAF2}.Release|Any CPU.Build.0 = Release|Any CPU
		{F3DE14C4-7B91-4645-84CE-59207D5FF49E}.Debug|Any CPU.ActiveCfg = Debug|Any CPU
		{F3DE14C4-7B91-4645-84CE-59207D5FF49E}.Debug|Any CPU.Build.0 = Debug|Any CPU
		{F3DE14C4-7B91-4645-84CE-59207D5FF49E}.Release|Any CPU.ActiveCfg = Release|Any CPU
		{F3DE14C4-7B91-4645-84CE-59207D5FF49E}.Release|Any CPU.Build.0 = Release|Any CPU
		{8A8132F6-4C71-4672-94F4-F40240069E41}.Debug|Any CPU.ActiveCfg = Debug|Any CPU
		{8A8132F6-4C71-4672-94F4-F40240069E41}.Debug|Any CPU.Build.0 = Debug|Any CPU
		{8A8132F6-4C71-4672-94F4-F40240069E41}.Release|Any CPU.ActiveCfg = Release|Any CPU
		{8A8132F6-4C71-4672-94F4-F40240069E41}.Release|Any CPU.Build.0 = Release|Any CPU
		{A7BF8016-4FC6-4AB7-A9FC-874C6E7311A3}.Debug|Any CPU.ActiveCfg = Debug|Any CPU
		{A7BF8016-4FC6-4AB7-A9FC-874C6E7311A3}.Debug|Any CPU.Build.0 = Debug|Any CPU
		{A7BF8016-4FC6-4AB7-A9FC-874C6E7311A3}.Release|Any CPU.ActiveCfg = Release|Any CPU
		{A7BF8016-4FC6-4AB7-A9FC-874C6E7311A3}.Release|Any CPU.Build.0 = Release|Any CPU
		{B4DC90D6-3B2D-4E15-8AA2-E63F1FDDBC2F}.Debug|Any CPU.ActiveCfg = Debug|Any CPU
		{B4DC90D6-3B2D-4E15-8AA2-E63F1FDDBC2F}.Debug|Any CPU.Build.0 = Debug|Any CPU
		{B4DC90D6-3B2D-4E15-8AA2-E63F1FDDBC2F}.Release|Any CPU.ActiveCfg = Release|Any CPU
		{B4DC90D6-3B2D-4E15-8AA2-E63F1FDDBC2F}.Release|Any CPU.Build.0 = Release|Any CPU
		{E3FEDB33-AD51-4E7A-B002-DB7287F8EC85}.Debug|Any CPU.ActiveCfg = Debug|Any CPU
		{E3FEDB33-AD51-4E7A-B002-DB7287F8EC85}.Debug|Any CPU.Build.0 = Debug|Any CPU
		{E3FEDB33-AD51-4E7A-B002-DB7287F8EC85}.Release|Any CPU.ActiveCfg = Release|Any CPU
		{E3FEDB33-AD51-4E7A-B002-DB7287F8EC85}.Release|Any CPU.Build.0 = Release|Any CPU
		{F8267726-B84B-4F41-A44E-BE69FBC4A3A9}.Debug|Any CPU.ActiveCfg = Debug|Any CPU
		{F8267726-B84B-4F41-A44E-BE69FBC4A3A9}.Debug|Any CPU.Build.0 = Debug|Any CPU
		{F8267726-B84B-4F41-A44E-BE69FBC4A3A9}.Release|Any CPU.ActiveCfg = Release|Any CPU
		{F8267726-B84B-4F41-A44E-BE69FBC4A3A9}.Release|Any CPU.Build.0 = Release|Any CPU
		{2EC0E109-6857-4F44-9B49-24CF867F084C}.Debug|Any CPU.ActiveCfg = Debug|Any CPU
		{2EC0E109-6857-4F44-9B49-24CF867F084C}.Debug|Any CPU.Build.0 = Debug|Any CPU
		{2EC0E109-6857-4F44-9B49-24CF867F084C}.Release|Any CPU.ActiveCfg = Release|Any CPU
		{2EC0E109-6857-4F44-9B49-24CF867F084C}.Release|Any CPU.Build.0 = Release|Any CPU
		{7774698D-D0EB-41D8-A6F7-18E835FE8880}.Debug|Any CPU.ActiveCfg = Debug|Any CPU
		{7774698D-D0EB-41D8-A6F7-18E835FE8880}.Debug|Any CPU.Build.0 = Debug|Any CPU
		{7774698D-D0EB-41D8-A6F7-18E835FE8880}.Release|Any CPU.ActiveCfg = Release|Any CPU
		{7774698D-D0EB-41D8-A6F7-18E835FE8880}.Release|Any CPU.Build.0 = Release|Any CPU
		{283EE7CA-DEB4-4973-AC19-23AA260B816A}.Debug|Any CPU.ActiveCfg = Debug|Any CPU
		{283EE7CA-DEB4-4973-AC19-23AA260B816A}.Debug|Any CPU.Build.0 = Debug|Any CPU
		{283EE7CA-DEB4-4973-AC19-23AA260B816A}.Release|Any CPU.ActiveCfg = Release|Any CPU
		{283EE7CA-DEB4-4973-AC19-23AA260B816A}.Release|Any CPU.Build.0 = Release|Any CPU
		{4E5D68C3-7C52-41FA-AE48-DF3B70145990}.Debug|Any CPU.ActiveCfg = Debug|Any CPU
		{4E5D68C3-7C52-41FA-AE48-DF3B70145990}.Debug|Any CPU.Build.0 = Debug|Any CPU
		{4E5D68C3-7C52-41FA-AE48-DF3B70145990}.Release|Any CPU.ActiveCfg = Release|Any CPU
		{4E5D68C3-7C52-41FA-AE48-DF3B70145990}.Release|Any CPU.Build.0 = Release|Any CPU
		{3510D288-09DC-4602-A98E-218741DB1C65}.Debug|Any CPU.ActiveCfg = Debug|Any CPU
		{3510D288-09DC-4602-A98E-218741DB1C65}.Debug|Any CPU.Build.0 = Debug|Any CPU
		{3510D288-09DC-4602-A98E-218741DB1C65}.Release|Any CPU.ActiveCfg = Release|Any CPU
		{3510D288-09DC-4602-A98E-218741DB1C65}.Release|Any CPU.Build.0 = Release|Any CPU
		{239D62DB-7323-48CF-BAFB-D4450F9D59A5}.Debug|Any CPU.ActiveCfg = Debug|Any CPU
		{239D62DB-7323-48CF-BAFB-D4450F9D59A5}.Debug|Any CPU.Build.0 = Debug|Any CPU
		{239D62DB-7323-48CF-BAFB-D4450F9D59A5}.Release|Any CPU.ActiveCfg = Release|Any CPU
		{239D62DB-7323-48CF-BAFB-D4450F9D59A5}.Release|Any CPU.Build.0 = Release|Any CPU
		{EC0C498F-7361-45DA-8D98-D4DC6CBA6283}.Debug|Any CPU.ActiveCfg = Debug|Any CPU
		{EC0C498F-7361-45DA-8D98-D4DC6CBA6283}.Debug|Any CPU.Build.0 = Debug|Any CPU
		{EC0C498F-7361-45DA-8D98-D4DC6CBA6283}.Release|Any CPU.ActiveCfg = Release|Any CPU
		{EC0C498F-7361-45DA-8D98-D4DC6CBA6283}.Release|Any CPU.Build.0 = Release|Any CPU
		{B74834D6-FDF2-4703-A2F3-5A8B7BE048BD}.Debug|Any CPU.ActiveCfg = Debug|Any CPU
		{B74834D6-FDF2-4703-A2F3-5A8B7BE048BD}.Debug|Any CPU.Build.0 = Debug|Any CPU
		{B74834D6-FDF2-4703-A2F3-5A8B7BE048BD}.Release|Any CPU.ActiveCfg = Release|Any CPU
		{B74834D6-FDF2-4703-A2F3-5A8B7BE048BD}.Release|Any CPU.Build.0 = Release|Any CPU
		{5600BA41-5761-4110-8310-0FA50258A71C}.Debug|Any CPU.ActiveCfg = Debug|Any CPU
		{5600BA41-5761-4110-8310-0FA50258A71C}.Debug|Any CPU.Build.0 = Debug|Any CPU
		{5600BA41-5761-4110-8310-0FA50258A71C}.Release|Any CPU.ActiveCfg = Release|Any CPU
		{5600BA41-5761-4110-8310-0FA50258A71C}.Release|Any CPU.Build.0 = Release|Any CPU
		{AEEAA8E4-235F-415C-87D5-38B361A90121}.Debug|Any CPU.ActiveCfg = Debug|Any CPU
		{AEEAA8E4-235F-415C-87D5-38B361A90121}.Debug|Any CPU.Build.0 = Debug|Any CPU
		{AEEAA8E4-235F-415C-87D5-38B361A90121}.Release|Any CPU.ActiveCfg = Release|Any CPU
		{AEEAA8E4-235F-415C-87D5-38B361A90121}.Release|Any CPU.Build.0 = Release|Any CPU
		{38D21560-70F1-4749-922C-2CD7C9E62FF2}.Debug|Any CPU.ActiveCfg = Debug|Any CPU
		{38D21560-70F1-4749-922C-2CD7C9E62FF2}.Debug|Any CPU.Build.0 = Debug|Any CPU
		{38D21560-70F1-4749-922C-2CD7C9E62FF2}.Release|Any CPU.ActiveCfg = Release|Any CPU
		{38D21560-70F1-4749-922C-2CD7C9E62FF2}.Release|Any CPU.Build.0 = Release|Any CPU
		{DF0AFEE4-2B6C-414B-8AA8-957FCE111BB1}.Debug|Any CPU.ActiveCfg = Debug|Any CPU
		{DF0AFEE4-2B6C-414B-8AA8-957FCE111BB1}.Debug|Any CPU.Build.0 = Debug|Any CPU
		{DF0AFEE4-2B6C-414B-8AA8-957FCE111BB1}.Release|Any CPU.ActiveCfg = Release|Any CPU
		{DF0AFEE4-2B6C-414B-8AA8-957FCE111BB1}.Release|Any CPU.Build.0 = Release|Any CPU
		{ECA3DB93-28EE-4129-B3F8-93AB834C24D2}.Debug|Any CPU.ActiveCfg = Debug|Any CPU
		{ECA3DB93-28EE-4129-B3F8-93AB834C24D2}.Debug|Any CPU.Build.0 = Debug|Any CPU
		{ECA3DB93-28EE-4129-B3F8-93AB834C24D2}.Release|Any CPU.ActiveCfg = Release|Any CPU
		{ECA3DB93-28EE-4129-B3F8-93AB834C24D2}.Release|Any CPU.Build.0 = Release|Any CPU
		{656F8329-DB3A-4FE3-A020-7BB93990AE20}.Debug|Any CPU.ActiveCfg = Debug|Any CPU
		{656F8329-DB3A-4FE3-A020-7BB93990AE20}.Debug|Any CPU.Build.0 = Debug|Any CPU
		{656F8329-DB3A-4FE3-A020-7BB93990AE20}.Release|Any CPU.ActiveCfg = Release|Any CPU
		{656F8329-DB3A-4FE3-A020-7BB93990AE20}.Release|Any CPU.Build.0 = Release|Any CPU
		{DB6C0469-552E-4C5D-8E98-520BA5CDC976}.Debug|Any CPU.ActiveCfg = Debug|Any CPU
		{DB6C0469-552E-4C5D-8E98-520BA5CDC976}.Debug|Any CPU.Build.0 = Debug|Any CPU
		{DB6C0469-552E-4C5D-8E98-520BA5CDC976}.Release|Any CPU.ActiveCfg = Release|Any CPU
		{DB6C0469-552E-4C5D-8E98-520BA5CDC976}.Release|Any CPU.Build.0 = Release|Any CPU
	EndGlobalSection
	GlobalSection(SolutionProperties) = preSolution
		HideSolutionNode = FALSE
	EndGlobalSection
	GlobalSection(ExtensibilityGlobals) = postSolution
		SolutionGuid = {8346A7D8-5686-4AB9-B4D4-67B1B07082D6}
	EndGlobalSection
EndGlobal
