
Microsoft Visual Studio Solution File, Format Version 12.00
# Visual Studio Version 17
VisualStudioVersion = 17.2.32630.192
MinimumVisualStudioVersion = 10.0.40219.1
Project("{9A19103F-16F7-4668-BE54-9A1E7A4F7556}") = "R5T.O0003", "R5T.O0003\R5T.O0003.csproj", "{DCEAB064-0820-4517-8C01-5616F176C0BA}"
EndProject
Global
	GlobalSection(SolutionConfigurationPlatforms) = preSolution
		Debug|Any CPU = Debug|Any CPU
		Release|Any CPU = Release|Any CPU
	EndGlobalSection
	GlobalSection(ProjectConfigurationPlatforms) = postSolution
		{DCEAB064-0820-4517-8C01-5616F176C0BA}.Debug|Any CPU.ActiveCfg = Debug|Any CPU
		{DCEAB064-0820-4517-8C01-5616F176C0BA}.Debug|Any CPU.Build.0 = Debug|Any CPU
		{DCEAB064-0820-4517-8C01-5616F176C0BA}.Release|Any CPU.ActiveCfg = Release|Any CPU
		{DCEAB064-0820-4517-8C01-5616F176C0BA}.Release|Any CPU.Build.0 = Release|Any CPU
	EndGlobalSection
	GlobalSection(SolutionProperties) = preSolution
		HideSolutionNode = FALSE
	EndGlobalSection
	GlobalSection(ExtensibilityGlobals) = postSolution
		SolutionGuid = {8346A7D8-5686-4AB9-B4D4-67B1B07082D6}
	EndGlobalSection
EndGlobal
